{
    "_readme": [
        "This file locks the dependencies of your project to a known state",
        "Read more about it at https://getcomposer.org/doc/01-basic-usage.md#installing-dependencies",
        "This file is @generated automatically"
    ],
    "content-hash": "61aa352e4b4c134345fc5dd6251702a6",
    "packages": [
        {
            "name": "composer/installers",
            "version": "v1.7.0",
            "source": {
                "type": "git",
                "url": "https://github.com/composer/installers.git",
                "reference": "141b272484481432cda342727a427dc1e206bfa0"
            },
            "dist": {
                "type": "zip",
                "url": "https://api.github.com/repos/composer/installers/zipball/141b272484481432cda342727a427dc1e206bfa0",
                "reference": "141b272484481432cda342727a427dc1e206bfa0",
                "shasum": ""
            },
            "require": {
                "composer-plugin-api": "^1.0"
            },
            "replace": {
                "roundcube/plugin-installer": "*",
                "shama/baton": "*"
            },
            "require-dev": {
                "composer/composer": "1.0.*@dev",
                "phpunit/phpunit": "^4.8.36"
            },
            "type": "composer-plugin",
            "extra": {
                "class": "Composer\\Installers\\Plugin",
                "branch-alias": {
                    "dev-master": "1.0-dev"
                }
            },
            "autoload": {
                "psr-4": {
                    "Composer\\Installers\\": "src/Composer/Installers"
                }
            },
            "notification-url": "https://packagist.org/downloads/",
            "license": [
                "MIT"
            ],
            "authors": [
                {
                    "name": "Kyle Robinson Young",
                    "email": "kyle@dontkry.com",
                    "homepage": "https://github.com/shama"
                }
            ],
            "description": "A multi-framework Composer library installer",
            "homepage": "https://composer.github.io/installers/",
            "keywords": [
                "Craft",
                "Dolibarr",
                "Eliasis",
                "Hurad",
                "ImageCMS",
                "Kanboard",
                "Lan Management System",
                "MODX Evo",
                "Mautic",
                "Maya",
                "OXID",
                "Plentymarkets",
                "Porto",
                "RadPHP",
                "SMF",
                "Thelia",
                "Whmcs",
                "WolfCMS",
                "agl",
                "aimeos",
                "annotatecms",
                "attogram",
                "bitrix",
                "cakephp",
                "chef",
                "cockpit",
                "codeigniter",
                "concrete5",
                "croogo",
                "dokuwiki",
                "drupal",
                "eZ Platform",
                "elgg",
                "expressionengine",
                "fuelphp",
                "grav",
                "installer",
                "itop",
                "joomla",
                "known",
                "kohana",
                "laravel",
                "lavalite",
                "lithium",
                "magento",
                "majima",
                "mako",
                "mediawiki",
                "modulework",
                "modx",
                "moodle",
                "osclass",
                "phpbb",
                "piwik",
                "ppi",
                "puppet",
                "pxcms",
                "reindex",
                "roundcube",
                "shopware",
                "silverstripe",
                "sydes",
                "symfony",
                "typo3",
                "wordpress",
                "yawik",
                "zend",
                "zikula"
            ],
            "time": "2019-08-12T15:00:31+00:00"
        },
        {
            "name": "doctrine/inflector",
            "version": "v1.3.0",
            "source": {
                "type": "git",
                "url": "https://github.com/doctrine/inflector.git",
                "reference": "5527a48b7313d15261292c149e55e26eae771b0a"
            },
            "dist": {
                "type": "zip",
                "url": "https://api.github.com/repos/doctrine/inflector/zipball/5527a48b7313d15261292c149e55e26eae771b0a",
                "reference": "5527a48b7313d15261292c149e55e26eae771b0a",
                "shasum": ""
            },
            "require": {
                "php": "^7.1"
            },
            "require-dev": {
                "phpunit/phpunit": "^6.2"
            },
            "type": "library",
            "extra": {
                "branch-alias": {
                    "dev-master": "1.3.x-dev"
                }
            },
            "autoload": {
                "psr-4": {
                    "Doctrine\\Common\\Inflector\\": "lib/Doctrine/Common/Inflector"
                }
            },
            "notification-url": "https://packagist.org/downloads/",
            "license": [
                "MIT"
            ],
            "authors": [
                {
                    "name": "Roman Borschel",
                    "email": "roman@code-factory.org"
                },
                {
                    "name": "Benjamin Eberlei",
                    "email": "kontakt@beberlei.de"
                },
                {
                    "name": "Guilherme Blanco",
                    "email": "guilhermeblanco@gmail.com"
                },
                {
                    "name": "Jonathan Wage",
                    "email": "jonwage@gmail.com"
                },
                {
                    "name": "Johannes Schmitt",
                    "email": "schmittjoh@gmail.com"
                }
            ],
            "description": "Common String Manipulations with regard to casing and singular/plural rules.",
            "homepage": "http://www.doctrine-project.org",
            "keywords": [
                "inflection",
                "pluralize",
                "singularize",
                "string"
            ],
            "time": "2018-01-09T20:05:19+00:00"
        },
        {
            "name": "illuminate/contracts",
            "version": "v5.8.35",
            "source": {
                "type": "git",
                "url": "https://github.com/illuminate/contracts.git",
                "reference": "00fc6afee788fa07c311b0650ad276585f8aef96"
            },
            "dist": {
                "type": "zip",
                "url": "https://api.github.com/repos/illuminate/contracts/zipball/00fc6afee788fa07c311b0650ad276585f8aef96",
                "reference": "00fc6afee788fa07c311b0650ad276585f8aef96",
                "shasum": ""
            },
            "require": {
                "php": "^7.1.3",
                "psr/container": "^1.0",
                "psr/simple-cache": "^1.0"
            },
            "type": "library",
            "extra": {
                "branch-alias": {
                    "dev-master": "5.8-dev"
                }
            },
            "autoload": {
                "psr-4": {
                    "Illuminate\\Contracts\\": ""
                }
            },
            "notification-url": "https://packagist.org/downloads/",
            "license": [
                "MIT"
            ],
            "authors": [
                {
                    "name": "Taylor Otwell",
                    "email": "taylor@laravel.com"
                }
            ],
            "description": "The Illuminate Contracts package.",
            "homepage": "https://laravel.com",
            "time": "2019-07-30T13:57:21+00:00"
        },
        {
            "name": "illuminate/encryption",
            "version": "v5.8.35",
            "source": {
                "type": "git",
                "url": "https://github.com/illuminate/encryption.git",
                "reference": "135c631bab0e0a8b9535b5750687e0a867c85193"
            },
            "dist": {
                "type": "zip",
                "url": "https://api.github.com/repos/illuminate/encryption/zipball/135c631bab0e0a8b9535b5750687e0a867c85193",
                "reference": "135c631bab0e0a8b9535b5750687e0a867c85193",
                "shasum": ""
            },
            "require": {
                "ext-json": "*",
                "ext-mbstring": "*",
                "ext-openssl": "*",
                "illuminate/contracts": "5.8.*",
                "illuminate/support": "5.8.*",
                "php": "^7.1.3"
            },
            "type": "library",
            "extra": {
                "branch-alias": {
                    "dev-master": "5.8-dev"
                }
            },
            "autoload": {
                "psr-4": {
                    "Illuminate\\Encryption\\": ""
                }
            },
            "notification-url": "https://packagist.org/downloads/",
            "license": [
                "MIT"
            ],
            "authors": [
                {
                    "name": "Taylor Otwell",
                    "email": "taylor@laravel.com"
                }
            ],
            "description": "The Illuminate Encryption package.",
            "homepage": "https://laravel.com",
            "time": "2019-06-11T14:00:26+00:00"
        },
        {
            "name": "illuminate/support",
            "version": "v5.8.35",
            "source": {
                "type": "git",
                "url": "https://github.com/illuminate/support.git",
                "reference": "e63a495d3bf01654f70def1046fb925c4bb56506"
            },
            "dist": {
                "type": "zip",
                "url": "https://api.github.com/repos/illuminate/support/zipball/e63a495d3bf01654f70def1046fb925c4bb56506",
                "reference": "e63a495d3bf01654f70def1046fb925c4bb56506",
                "shasum": ""
            },
            "require": {
                "doctrine/inflector": "^1.1",
                "ext-json": "*",
                "ext-mbstring": "*",
                "illuminate/contracts": "5.8.*",
                "nesbot/carbon": "^1.26.3 || ^2.0",
                "php": "^7.1.3"
            },
            "conflict": {
                "tightenco/collect": "<5.5.33"
            },
            "suggest": {
                "illuminate/filesystem": "Required to use the composer class (5.8.*).",
                "moontoast/math": "Required to use ordered UUIDs (^1.1).",
                "ramsey/uuid": "Required to use Str::uuid() (^3.7).",
                "symfony/process": "Required to use the composer class (^4.2).",
                "symfony/var-dumper": "Required to use the dd function (^4.2).",
                "vlucas/phpdotenv": "Required to use the env helper (^3.3)."
            },
            "type": "library",
            "extra": {
                "branch-alias": {
                    "dev-master": "5.8-dev"
                }
            },
            "autoload": {
                "psr-4": {
                    "Illuminate\\Support\\": ""
                },
                "files": [
                    "helpers.php"
                ]
            },
            "notification-url": "https://packagist.org/downloads/",
            "license": [
                "MIT"
            ],
            "authors": [
                {
                    "name": "Taylor Otwell",
                    "email": "taylor@laravel.com"
                }
            ],
            "description": "The Illuminate Support package.",
            "homepage": "https://laravel.com",
            "time": "2019-09-03T16:36:47+00:00"
        },
        {
            "name": "mustangostang/spyc",
            "version": "0.6.3",
            "source": {
                "type": "git",
                "url": "git@github.com:mustangostang/spyc.git",
                "reference": "4627c838b16550b666d15aeae1e5289dd5b77da0"
            },
            "dist": {
                "type": "zip",
                "url": "https://api.github.com/repos/mustangostang/spyc/zipball/4627c838b16550b666d15aeae1e5289dd5b77da0",
                "reference": "4627c838b16550b666d15aeae1e5289dd5b77da0",
                "shasum": ""
            },
            "require": {
                "php": ">=5.3.1"
            },
            "require-dev": {
                "phpunit/phpunit": "4.3.*@dev"
            },
            "type": "library",
            "extra": {
                "branch-alias": {
                    "dev-master": "0.5.x-dev"
                }
            },
            "autoload": {
                "files": [
                    "Spyc.php"
                ]
            },
            "notification-url": "https://packagist.org/downloads/",
            "license": [
                "MIT"
            ],
            "authors": [
                {
                    "name": "mustangostang",
                    "email": "vlad.andersen@gmail.com"
                }
            ],
            "description": "A simple YAML loader/dumper class for PHP",
            "homepage": "https://github.com/mustangostang/spyc/",
            "keywords": [
                "spyc",
                "yaml",
                "yml"
            ],
            "time": "2019-09-10T13:16:29+00:00"
        },
        {
            "name": "nesbot/carbon",
            "version": "2.25.3",
            "source": {
                "type": "git",
                "url": "https://github.com/briannesbitt/Carbon.git",
                "reference": "d07636581795383e2fea2d711212d30f941f2039"
            },
            "dist": {
                "type": "zip",
                "url": "https://api.github.com/repos/briannesbitt/Carbon/zipball/d07636581795383e2fea2d711212d30f941f2039",
                "reference": "d07636581795383e2fea2d711212d30f941f2039",
                "shasum": ""
            },
            "require": {
                "ext-json": "*",
                "php": "^7.1.8 || ^8.0",
                "symfony/translation": "^3.4 || ^4.0"
            },
            "require-dev": {
                "friendsofphp/php-cs-fixer": "^2.14 || ^3.0",
                "kylekatarnls/multi-tester": "^1.1",
                "phpmd/phpmd": "dev-php-7.1-compatibility",
                "phpstan/phpstan": "^0.11",
                "phpunit/phpunit": "^7.5 || ^8.0",
                "squizlabs/php_codesniffer": "^3.4"
            },
            "bin": [
                "bin/carbon"
            ],
            "type": "library",
            "extra": {
                "laravel": {
                    "providers": [
                        "Carbon\\Laravel\\ServiceProvider"
                    ]
                }
            },
            "autoload": {
                "psr-4": {
                    "Carbon\\": "src/Carbon/"
                }
            },
            "notification-url": "https://packagist.org/downloads/",
            "license": [
                "MIT"
            ],
            "authors": [
                {
                    "name": "Brian Nesbitt",
                    "email": "brian@nesbot.com",
                    "homepage": "http://nesbot.com"
                },
                {
                    "name": "kylekatarnls",
                    "homepage": "http://github.com/kylekatarnls"
                }
            ],
            "description": "An API extension for DateTime that supports 281 different languages.",
            "homepage": "http://carbon.nesbot.com",
            "keywords": [
                "date",
                "datetime",
                "time"
            ],
            "time": "2019-10-20T11:05:44+00:00"
        },
        {
            "name": "psr/container",
            "version": "1.0.0",
            "source": {
                "type": "git",
                "url": "https://github.com/php-fig/container.git",
                "reference": "b7ce3b176482dbbc1245ebf52b181af44c2cf55f"
            },
            "dist": {
                "type": "zip",
                "url": "https://api.github.com/repos/php-fig/container/zipball/b7ce3b176482dbbc1245ebf52b181af44c2cf55f",
                "reference": "b7ce3b176482dbbc1245ebf52b181af44c2cf55f",
                "shasum": ""
            },
            "require": {
                "php": ">=5.3.0"
            },
            "type": "library",
            "extra": {
                "branch-alias": {
                    "dev-master": "1.0.x-dev"
                }
            },
            "autoload": {
                "psr-4": {
                    "Psr\\Container\\": "src/"
                }
            },
            "notification-url": "https://packagist.org/downloads/",
            "license": [
                "MIT"
            ],
            "authors": [
                {
                    "name": "PHP-FIG",
                    "homepage": "http://www.php-fig.org/"
                }
            ],
            "description": "Common Container Interface (PHP FIG PSR-11)",
            "homepage": "https://github.com/php-fig/container",
            "keywords": [
                "PSR-11",
                "container",
                "container-interface",
                "container-interop",
                "psr"
            ],
            "time": "2017-02-14T16:28:37+00:00"
        },
        {
            "name": "psr/simple-cache",
            "version": "1.0.1",
            "source": {
                "type": "git",
                "url": "https://github.com/php-fig/simple-cache.git",
                "reference": "408d5eafb83c57f6365a3ca330ff23aa4a5fa39b"
            },
            "dist": {
                "type": "zip",
                "url": "https://api.github.com/repos/php-fig/simple-cache/zipball/408d5eafb83c57f6365a3ca330ff23aa4a5fa39b",
                "reference": "408d5eafb83c57f6365a3ca330ff23aa4a5fa39b",
                "shasum": ""
            },
            "require": {
                "php": ">=5.3.0"
            },
            "type": "library",
            "extra": {
                "branch-alias": {
                    "dev-master": "1.0.x-dev"
                }
            },
            "autoload": {
                "psr-4": {
                    "Psr\\SimpleCache\\": "src/"
                }
            },
            "notification-url": "https://packagist.org/downloads/",
            "license": [
                "MIT"
            ],
            "authors": [
                {
                    "name": "PHP-FIG",
                    "homepage": "http://www.php-fig.org/"
                }
            ],
            "description": "Common interfaces for simple caching",
            "keywords": [
                "cache",
                "caching",
                "psr",
                "psr-16",
                "simple-cache"
            ],
            "time": "2017-10-23T01:57:42+00:00"
        },
        {
            "name": "symfony/polyfill-mbstring",
            "version": "v1.18.1",
            "source": {
                "type": "git",
                "url": "https://github.com/symfony/polyfill-mbstring.git",
                "reference": "a6977d63bf9a0ad4c65cd352709e230876f9904a"
            },
            "dist": {
                "type": "zip",
                "url": "https://api.github.com/repos/symfony/polyfill-mbstring/zipball/a6977d63bf9a0ad4c65cd352709e230876f9904a",
                "reference": "a6977d63bf9a0ad4c65cd352709e230876f9904a",
                "shasum": ""
            },
            "require": {
                "php": ">=5.3.3"
            },
            "suggest": {
                "ext-mbstring": "For best performance"
            },
            "type": "library",
            "extra": {
                "branch-alias": {
                    "dev-master": "1.18-dev"
                },
                "thanks": {
                    "name": "symfony/polyfill",
                    "url": "https://github.com/symfony/polyfill"
                }
            },
            "autoload": {
                "psr-4": {
                    "Symfony\\Polyfill\\Mbstring\\": ""
                },
                "files": [
                    "bootstrap.php"
                ]
            },
            "notification-url": "https://packagist.org/downloads/",
            "license": [
                "MIT"
            ],
            "authors": [
                {
                    "name": "Nicolas Grekas",
                    "email": "p@tchwork.com"
                },
                {
                    "name": "Symfony Community",
                    "homepage": "https://symfony.com/contributors"
                }
            ],
            "description": "Symfony polyfill for the Mbstring extension",
            "homepage": "https://symfony.com",
            "keywords": [
                "compatibility",
                "mbstring",
                "polyfill",
                "portable",
                "shim"
            ],
            "time": "2020-07-14T12:35:20+00:00"
        },
        {
            "name": "symfony/translation",
            "version": "v4.3.5",
            "source": {
                "type": "git",
                "url": "https://github.com/symfony/translation.git",
                "reference": "fe6193b066c457c144333c06aaa869a2d42a167f"
            },
            "dist": {
                "type": "zip",
                "url": "https://api.github.com/repos/symfony/translation/zipball/fe6193b066c457c144333c06aaa869a2d42a167f",
                "reference": "fe6193b066c457c144333c06aaa869a2d42a167f",
                "shasum": ""
            },
            "require": {
                "php": "^7.1.3",
                "symfony/polyfill-mbstring": "~1.0",
                "symfony/translation-contracts": "^1.1.6"
            },
            "conflict": {
                "symfony/config": "<3.4",
                "symfony/dependency-injection": "<3.4",
                "symfony/yaml": "<3.4"
            },
            "provide": {
                "symfony/translation-implementation": "1.0"
            },
            "require-dev": {
                "psr/log": "~1.0",
                "symfony/config": "~3.4|~4.0",
                "symfony/console": "~3.4|~4.0",
                "symfony/dependency-injection": "~3.4|~4.0",
                "symfony/finder": "~2.8|~3.0|~4.0",
                "symfony/http-kernel": "~3.4|~4.0",
                "symfony/intl": "~3.4|~4.0",
                "symfony/service-contracts": "^1.1.2",
                "symfony/var-dumper": "~3.4|~4.0",
                "symfony/yaml": "~3.4|~4.0"
            },
            "suggest": {
                "psr/log-implementation": "To use logging capability in translator",
                "symfony/config": "",
                "symfony/yaml": ""
            },
            "type": "library",
            "extra": {
                "branch-alias": {
                    "dev-master": "4.3-dev"
                }
            },
            "autoload": {
                "psr-4": {
                    "Symfony\\Component\\Translation\\": ""
                },
                "exclude-from-classmap": [
                    "/Tests/"
                ]
            },
            "notification-url": "https://packagist.org/downloads/",
            "license": [
                "MIT"
            ],
            "authors": [
                {
                    "name": "Fabien Potencier",
                    "email": "fabien@symfony.com"
                },
                {
                    "name": "Symfony Community",
                    "homepage": "https://symfony.com/contributors"
                }
            ],
            "description": "Symfony Translation Component",
            "homepage": "https://symfony.com",
            "time": "2019-09-27T14:37:39+00:00"
        },
        {
            "name": "symfony/translation-contracts",
            "version": "v1.1.7",
            "source": {
                "type": "git",
                "url": "https://github.com/symfony/translation-contracts.git",
                "reference": "364518c132c95642e530d9b2d217acbc2ccac3e6"
            },
            "dist": {
                "type": "zip",
                "url": "https://api.github.com/repos/symfony/translation-contracts/zipball/364518c132c95642e530d9b2d217acbc2ccac3e6",
                "reference": "364518c132c95642e530d9b2d217acbc2ccac3e6",
                "shasum": ""
            },
            "require": {
                "php": "^7.1.3"
            },
            "suggest": {
                "symfony/translation-implementation": ""
            },
            "type": "library",
            "extra": {
                "branch-alias": {
                    "dev-master": "1.1-dev"
                }
            },
            "autoload": {
                "psr-4": {
                    "Symfony\\Contracts\\Translation\\": ""
                }
            },
            "notification-url": "https://packagist.org/downloads/",
            "license": [
                "MIT"
            ],
            "authors": [
                {
                    "name": "Nicolas Grekas",
                    "email": "p@tchwork.com"
                },
                {
                    "name": "Symfony Community",
                    "homepage": "https://symfony.com/contributors"
                }
            ],
            "description": "Generic abstractions related to translation",
            "homepage": "https://symfony.com",
            "keywords": [
                "abstractions",
                "contracts",
                "decoupling",
                "interfaces",
                "interoperability",
                "standards"
            ],
            "time": "2019-09-17T11:12:18+00:00"
        }
    ],
    "packages-dev": [
        {
            "name": "squizlabs/php_codesniffer",
            "version": "3.5.1",
            "source": {
                "type": "git",
                "url": "https://github.com/squizlabs/PHP_CodeSniffer.git",
                "reference": "82cd0f854ceca17731d6d019c7098e3755c45060"
            },
            "dist": {
                "type": "zip",
                "url": "https://api.github.com/repos/squizlabs/PHP_CodeSniffer/zipball/82cd0f854ceca17731d6d019c7098e3755c45060",
                "reference": "82cd0f854ceca17731d6d019c7098e3755c45060",
                "shasum": ""
            },
            "require": {
                "ext-simplexml": "*",
                "ext-tokenizer": "*",
                "ext-xmlwriter": "*",
                "php": ">=5.4.0"
            },
            "require-dev": {
                "phpunit/phpunit": "^4.0 || ^5.0 || ^6.0 || ^7.0"
            },
            "bin": [
                "bin/phpcs",
                "bin/phpcbf"
            ],
            "type": "library",
            "extra": {
                "branch-alias": {
                    "dev-master": "3.x-dev"
                }
            },
            "notification-url": "https://packagist.org/downloads/",
            "license": [
                "BSD-3-Clause"
            ],
            "authors": [
                {
                    "name": "Greg Sherwood",
                    "role": "lead"
                }
            ],
            "description": "PHP_CodeSniffer tokenizes PHP, JavaScript and CSS files and detects violations of a defined set of coding standards.",
            "homepage": "https://github.com/squizlabs/PHP_CodeSniffer",
            "keywords": [
                "phpcs",
                "standards"
            ],
            "time": "2019-10-16T21:14:26+00:00"
        }
    ],
    "aliases": [],
    "minimum-stability": "stable",
    "stability-flags": [],
    "prefer-stable": false,
    "prefer-lowest": false,
    "platform": [],
    "platform-dev": []
}
